
Microsoft Visual Studio Solution File, Format Version 12.00
# Visual Studio Version 16
VisualStudioVersion = 16.0.30114.105
MinimumVisualStudioVersion = 10.0.40219.1
Project("{9092AA53-FB77-4645-B42D-1CCCA6BD08BD}") = "Lab3", "Lab3\Lab3.njsproj", "{023F29FC-D2C7-42F6-97AB-C263FA7E421B}"
EndProject
Global
	GlobalSection(SolutionConfigurationPlatforms) = preSolution
		Debug|Any CPU = Debug|Any CPU
		Release|Any CPU = Release|Any CPU
	EndGlobalSection
	GlobalSection(ProjectConfigurationPlatforms) = postSolution
		{023F29FC-D2C7-42F6-97AB-C263FA7E421B}.Debug|Any CPU.ActiveCfg = Debug|Any CPU
		{023F29FC-D2C7-42F6-97AB-C263FA7E421B}.Debug|Any CPU.Build.0 = Debug|Any CPU
		{023F29FC-D2C7-42F6-97AB-C263FA7E421B}.Release|Any CPU.ActiveCfg = Release|Any CPU
		{023F29FC-D2C7-42F6-97AB-C263FA7E421B}.Release|Any CPU.Build.0 = Release|Any CPU
	EndGlobalSection
	GlobalSection(SolutionProperties) = preSolution
		HideSolutionNode = FALSE
	EndGlobalSection
	GlobalSection(ExtensibilityGlobals) = postSolution
		SolutionGuid = {F91A2C11-46FC-4560-9DED-08DA33C9A1CF}
	EndGlobalSection
EndGlobal
